PODS:
  - Firebase/Auth (3.14.0):
    - Firebase/Core
    - FirebaseAuth (= 3.1.1)
  - Firebase/Core (3.14.0):
    - FirebaseAnalytics (= 3.7.0)
    - FirebaseCore (= 3.5.1)
  - Firebase/Database (3.14.0):
    - Firebase/Core
    - FirebaseDatabase (= 3.1.2)
  - Firebase/Messaging (3.14.0):
    - Firebase/Core
    - FirebaseMessaging (= 1.2.2)
  - FirebaseAnalytics (3.7.0):
    - FirebaseCore (~> 3.5)
    - FirebaseInstanceID (~> 1.0)
    - GoogleToolboxForMac/NSData+zlib (~> 2.1)
  - FirebaseAuth (3.1.1):
    - FirebaseAnalytics (~> 3.7)
    - GoogleToolboxForMac/NSDictionary+URLArguments (~> 2.1)
    - GTMSessionFetcher/Core (~> 1.1)
  - FirebaseCore (3.5.1):
    - GoogleToolboxForMac/NSData+zlib (~> 2.1)
  - FirebaseDatabase (3.1.2):
    - FirebaseAnalytics (~> 3.7)
  - FirebaseInstanceID (1.0.9)
  - FirebaseMessaging (1.2.2):
    - FirebaseAnalytics (~> 3.7)
    - FirebaseInstanceID (~> 1.0)
    - GoogleToolboxForMac/Logger (~> 2.1)
    - Protobuf (~> 3.1)
  - GoogleToolboxForMac/DebugUtils (2.1.1):
    - GoogleToolboxForMac/Defines (= 2.1.1)
  - GoogleToolboxForMac/Defines (2.1.1)
  - GoogleToolboxForMac/Logger (2.1.1):
    - GoogleToolboxForMac/Defines (= 2.1.1)
  - GoogleToolboxForMac/NSData+zlib (2.1.1):
    - GoogleToolboxForMac/Defines (= 2.1.1)
  - GoogleToolboxForMac/NSDictionary+URLArguments (2.1.1):
    - GoogleToolboxForMac/DebugUtils (= 2.1.1)
    - GoogleToolboxForMac/Defines (= 2.1.1)
    - GoogleToolboxForMac/NSString+URLArguments (= 2.1.1)
  - GoogleToolboxForMac/NSString+URLArguments (2.1.1)
  - GTMSessionFetcher/Core (1.1.8)
  - KeychainSwift (7.0.0)
  - PagingMenuController (2.2.0)
  - PhoneNumberKit (1.1.0):
    - PhoneNumberKit/PhoneNumberKitCore (= 1.1.0)
    - PhoneNumberKit/UIKit (= 1.1.0)
  - PhoneNumberKit/PhoneNumberKitCore (1.1.0)
  - PhoneNumberKit/UIKit (1.1.0):
    - PhoneNumberKit/PhoneNumberKitCore
  - Protobuf (3.2.0)
  - SinchVerification-Swift (2.0.3)

DEPENDENCIES:
  - Firebase/Auth
  - Firebase/Core
  - Firebase/Database
  - Firebase/Messaging
  - KeychainSwift (~> 7.0)
  - PagingMenuController
  - PhoneNumberKit
  - SinchVerification-Swift

SPEC CHECKSUMS:
  Firebase: 85a581fb04e44f63ae9f4fbc8d6dabf4a4c18653
  FirebaseAnalytics: 0d1b7d81d5021155be37702a94ba1ec16d45365d
  FirebaseAuth: cc8a1824170adbd351edb7f994490a3fb5c18be6
  FirebaseCore: 225d40532489835a034b8f4e2c9c87fbf4f615a2
  FirebaseDatabase: 05c96d7b43a7368dc91c07791adb49683e1738d1
  FirebaseInstanceID: 2d0518b1378fe9d685ef40cbdd63d2fdc1125339
  FirebaseMessaging: df8267f378580a24174ce7861233aa11d5c90109
  GoogleToolboxForMac: 8e329f1b599f2512c6b10676d45736bcc2cbbeb0
  GTMSessionFetcher: 6f8d8b28b7e345549ac471071608170b31cb4977
  KeychainSwift: b6947435dd78cc442c64a84ae648dd0e871cf448
  PagingMenuController: 6176618987bb170096664f2da097313e45ed9c31
  PhoneNumberKit: 9a59056fcba31af704c97d23de9205c9b3192608
  Protobuf: 745f59e122e5de98d4d7ef291e264a0eef80f58e
  SinchVerification-Swift: 567aaf9cb29c55a115faecb6016fea25a7f37688

PODFILE CHECKSUM: bf79c59d2a81bb91b98ab7fbd2ebddfc3f308762

COCOAPODS: 1.2.0
