// !$*UTF8*$!
{
	archiveVersion = 1;
	classes = {
	};
	objectVersion = 46;
	objects = {

/* Begin PBXBuildFile section */
		271388621C1DFEAB003BE336 /* SignUpStoryboard.storyboard in Resources */ = {isa = PBXBuildFile; fileRef = 271388611C1DFEAB003BE336 /* SignUpStoryboard.storyboard */; };
		27187C021C1DDE8400C1D828 /* VerifyPhoneNumberViewController.swift in Sources */ = {isa = PBXBuildFile; fileRef = 27187C011C1DDE8400C1D828 /* VerifyPhoneNumberViewController.swift */; };
		2740B1AF1C211124002026D0 /* SignUpCompleteViewController.swift in Sources */ = {isa = PBXBuildFile; fileRef = 2740B1AE1C211124002026D0 /* SignUpCompleteViewController.swift */; };
		27A69E0C1C1E16ED0008B762 /* LaunchScreen.storyboard in Resources */ = {isa = PBXBuildFile; fileRef = 27A69E0B1C1E16ED0008B762 /* LaunchScreen.storyboard */; };
		27A69E0E1C1E217E0008B762 /* Launch-667h@2x.png in Resources */ = {isa = PBXBuildFile; fileRef = 27A69E0D1C1E217E0008B762 /* Launch-667h@2x.png */; };
		27B21C781C1DF7120091505B /* signUp.swift in Sources */ = {isa = PBXBuildFile; fileRef = 27B21C771C1DF7120091505B /* signUp.swift */; };
		27C74ADA1C04FE4A00E5A206 /* AppDelegate.swift in Sources */ = {isa = PBXBuildFile; fileRef = 27C74AD91C04FE4A00E5A206 /* AppDelegate.swift */; };
		27C74ADC1C04FE4A00E5A206 /* SignupPhoneNumberViewController.swift in Sources */ = {isa = PBXBuildFile; fileRef = 27C74ADB1C04FE4A00E5A206 /* SignupPhoneNumberViewController.swift */; };
		27C74ADF1C04FE4A00E5A206 /* Main.storyboard in Resources */ = {isa = PBXBuildFile; fileRef = 27C74ADD1C04FE4A00E5A206 /* Main.storyboard */; };
		27C74AE21C04FE4A00E5A206 /* Route.xcdatamodeld in Sources */ = {isa = PBXBuildFile; fileRef = 27C74AE01C04FE4A00E5A206 /* Route.xcdatamodeld */; };
		27C74AE41C04FE4A00E5A206 /* Assets.xcassets in Resources */ = {isa = PBXBuildFile; fileRef = 27C74AE31C04FE4A00E5A206 /* Assets.xcassets */; };
		27C74AF21C04FE4A00E5A206 /* RouteTests.swift in Sources */ = {isa = PBXBuildFile; fileRef = 27C74AF11C04FE4A00E5A206 /* RouteTests.swift */; };
		27C74AFD1C04FE4A00E5A206 /* RouteUITests.swift in Sources */ = {isa = PBXBuildFile; fileRef = 27C74AFC1C04FE4A00E5A206 /* RouteUITests.swift */; };
		27CD0B271C28697D00E614DA /* MainViewController.swift in Sources */ = {isa = PBXBuildFile; fileRef = 27CD0B261C28697D00E614DA /* MainViewController.swift */; };
		F01AF22C7C155C3B2FC70F75 /* Pods_Route.framework in Frameworks */ = {isa = PBXBuildFile; fileRef = 9833D9B6E532B34263B9872A /* Pods_Route.framework */; };
/* End PBXBuildFile section */

/* Begin PBXContainerItemProxy section */
		27C74AEE1C04FE4A00E5A206 /* PBXContainerItemProxy */ = {
			isa = PBXContainerItemProxy;
			containerPortal = 27C74ACE1C04FE4A00E5A206 /* Project object */;
			proxyType = 1;
			remoteGlobalIDString = 27C74AD51C04FE4A00E5A206;
			remoteInfo = Route;
		};
		27C74AF91C04FE4A00E5A206 /* PBXContainerItemProxy */ = {
			isa = PBXContainerItemProxy;
			containerPortal = 27C74ACE1C04FE4A00E5A206 /* Project object */;
			proxyType = 1;
			remoteGlobalIDString = 27C74AD51C04FE4A00E5A206;
			remoteInfo = Route;
		};
/* End PBXContainerItemProxy section */

/* Begin PBXFileReference section */
		271388611C1DFEAB003BE336 /* SignUpStoryboard.storyboard */ = {isa = PBXFileReference; fileEncoding = 4; lastKnownFileType = file.storyboard; name = SignUpStoryboard.storyboard; path = ../SignUpStoryboard.storyboard; sourceTree = "<group>"; };
		27187C011C1DDE8400C1D828 /* VerifyPhoneNumberViewController.swift */ = {isa = PBXFileReference; fileEncoding = 4; lastKnownFileType = sourcecode.swift; path = VerifyPhoneNumberViewController.swift; sourceTree = "<group>"; };
		2740B1AE1C211124002026D0 /* SignUpCompleteViewController.swift */ = {isa = PBXFileReference; fileEncoding = 4; lastKnownFileType = sourcecode.swift; path = SignUpCompleteViewController.swift; sourceTree = "<group>"; };
		27A69E0B1C1E16ED0008B762 /* LaunchScreen.storyboard */ = {isa = PBXFileReference; fileEncoding = 4; lastKnownFileType = file.storyboard; path = LaunchScreen.storyboard; sourceTree = "<group>"; };
		27A69E0D1C1E217E0008B762 /* Launch-667h@2x.png */ = {isa = PBXFileReference; lastKnownFileType = image.png; name = "Launch-667h@2x.png"; path = "Images/Launch-667h@2x.png"; sourceTree = "<group>"; };
		27B21C771C1DF7120091505B /* signUp.swift */ = {isa = PBXFileReference; fileEncoding = 4; lastKnownFileType = sourcecode.swift; name = signUp.swift; path = API/signUp.swift; sourceTree = "<group>"; };
		27C42B091C1F66E40088F9A0 /* libPhoneNumber_iOS.framework */ = {isa = PBXFileReference; lastKnownFileType = wrapper.framework; name = libPhoneNumber_iOS.framework; path = "Pods/../build/Debug-iphoneos/libPhoneNumber_iOS.framework"; sourceTree = "<group>"; };
		27C74AD61C04FE4A00E5A206 /* Route.app */ = {isa = PBXFileReference; explicitFileType = wrapper.application; includeInIndex = 0; path = Route.app; sourceTree = BUILT_PRODUCTS_DIR; };
		27C74AD91C04FE4A00E5A206 /* AppDelegate.swift */ = {isa = PBXFileReference; lastKnownFileType = sourcecode.swift; path = AppDelegate.swift; sourceTree = "<group>"; };
		27C74ADB1C04FE4A00E5A206 /* SignupPhoneNumberViewController.swift */ = {isa = PBXFileReference; lastKnownFileType = sourcecode.swift; path = SignupPhoneNumberViewController.swift; sourceTree = "<group>"; };
		27C74ADE1C04FE4A00E5A206 /* Base */ = {isa = PBXFileReference; lastKnownFileType = file.storyboard; name = Base; path = Base.lproj/Main.storyboard; sourceTree = "<group>"; };
		27C74AE11C04FE4A00E5A206 /* Route.xcdatamodel */ = {isa = PBXFileReference; lastKnownFileType = wrapper.xcdatamodel; path = Route.xcdatamodel; sourceTree = "<group>"; };
		27C74AE31C04FE4A00E5A206 /* Assets.xcassets */ = {isa = PBXFileReference; lastKnownFileType = folder.assetcatalog; path = Assets.xcassets; sourceTree = "<group>"; };
		27C74AE81C04FE4A00E5A206 /* Info.plist */ = {isa = PBXFileReference; lastKnownFileType = text.plist.xml; path = Info.plist; sourceTree = "<group>"; };
		27C74AED1C04FE4A00E5A206 /* RouteTests.xctest */ = {isa = PBXFileReference; explicitFileType = wrapper.cfbundle; includeInIndex = 0; path = RouteTests.xctest; sourceTree = BUILT_PRODUCTS_DIR; };
		27C74AF11C04FE4A00E5A206 /* RouteTests.swift */ = {isa = PBXFileReference; lastKnownFileType = sourcecode.swift; path = RouteTests.swift; sourceTree = "<group>"; };
		27C74AF31C04FE4A00E5A206 /* Info.plist */ = {isa = PBXFileReference; lastKnownFileType = text.plist.xml; path = Info.plist; sourceTree = "<group>"; };
		27C74AF81C04FE4A00E5A206 /* RouteUITests.xctest */ = {isa = PBXFileReference; explicitFileType = wrapper.cfbundle; includeInIndex = 0; path = RouteUITests.xctest; sourceTree = BUILT_PRODUCTS_DIR; };
		27C74AFC1C04FE4A00E5A206 /* RouteUITests.swift */ = {isa = PBXFileReference; lastKnownFileType = sourcecode.swift; path = RouteUITests.swift; sourceTree = "<group>"; };
		27C74AFE1C04FE4A00E5A206 /* Info.plist */ = {isa = PBXFileReference; lastKnownFileType = text.plist.xml; path = Info.plist; sourceTree = "<group>"; };
		27CD0B261C28697D00E614DA /* MainViewController.swift */ = {isa = PBXFileReference; fileEncoding = 4; lastKnownFileType = sourcecode.swift; path = MainViewController.swift; sourceTree = "<group>"; };
		9833D9B6E532B34263B9872A /* Pods_Route.framework */ = {isa = PBXFileReference; explicitFileType = wrapper.framework; includeInIndex = 0; path = Pods_Route.framework; sourceTree = BUILT_PRODUCTS_DIR; };
		A28B9446C12A405EFCF8C94C /* Pods-Route.release.xcconfig */ = {isa = PBXFileReference; includeInIndex = 1; lastKnownFileType = text.xcconfig; name = "Pods-Route.release.xcconfig"; path = "Pods/Target Support Files/Pods-Route/Pods-Route.release.xcconfig"; sourceTree = "<group>"; };
		C230823E65931EF5B2CCAEF2 /* Pods-Route.debug.xcconfig */ = {isa = PBXFileReference; includeInIndex = 1; lastKnownFileType = text.xcconfig; name = "Pods-Route.debug.xcconfig"; path = "Pods/Target Support Files/Pods-Route/Pods-Route.debug.xcconfig"; sourceTree = "<group>"; };
/* End PBXFileReference section */

/* Begin PBXFrameworksBuildPhase section */
		27C74AD31C04FE4A00E5A206 /* Frameworks */ = {
			isa = PBXFrameworksBuildPhase;
			buildActionMask = 2147483647;
			files = (
				F01AF22C7C155C3B2FC70F75 /* Pods_Route.framework in Frameworks */,
			);
			runOnlyForDeploymentPostprocessing = 0;
		};
		27C74AEA1C04FE4A00E5A206 /* Frameworks */ = {
			isa = PBXFrameworksBuildPhase;
			buildActionMask = 2147483647;
			files = (
			);
			runOnlyForDeploymentPostprocessing = 0;
		};
		27C74AF51C04FE4A00E5A206 /* Frameworks */ = {
			isa = PBXFrameworksBuildPhase;
			buildActionMask = 2147483647;
			files = (
			);
			runOnlyForDeploymentPostprocessing = 0;
		};
/* End PBXFrameworksBuildPhase section */

/* Begin PBXGroup section */
		271388631C1DFEF3003BE336 /* Signup */ = {
			isa = PBXGroup;
			children = (
				271388611C1DFEAB003BE336 /* SignUpStoryboard.storyboard */,
				27C74ADB1C04FE4A00E5A206 /* SignupPhoneNumberViewController.swift */,
				27187C011C1DDE8400C1D828 /* VerifyPhoneNumberViewController.swift */,
				2740B1AE1C211124002026D0 /* SignUpCompleteViewController.swift */,
			);
			name = Signup;
			sourceTree = "<group>";
		};
		271388661C1E055B003BE336 /* Launch */ = {
			isa = PBXGroup;
			children = (
				27A69E0D1C1E217E0008B762 /* Launch-667h@2x.png */,
				27A69E0B1C1E16ED0008B762 /* LaunchScreen.storyboard */,
			);
			name = Launch;
			sourceTree = "<group>";
		};
		27A3FE571C274B8E0006E939 /* Main */ = {
			isa = PBXGroup;
			children = (
				27C74ADD1C04FE4A00E5A206 /* Main.storyboard */,
				27CD0B261C28697D00E614DA /* MainViewController.swift */,
			);
			name = Main;
			sourceTree = "<group>";
		};
		27C74ACD1C04FE4A00E5A206 = {
			isa = PBXGroup;
			children = (
				27C74AD81C04FE4A00E5A206 /* Route */,
				27C74AF01C04FE4A00E5A206 /* RouteTests */,
				27C74AFB1C04FE4A00E5A206 /* RouteUITests */,
				27C74AD71C04FE4A00E5A206 /* Products */,
				41B1E5953EEB86F2996614D7 /* Pods */,
				54ABC86762A9AC9995288B71 /* Frameworks */,
			);
			sourceTree = "<group>";
		};
		27C74AD71C04FE4A00E5A206 /* Products */ = {
			isa = PBXGroup;
			children = (
				27C74AD61C04FE4A00E5A206 /* Route.app */,
				27C74AED1C04FE4A00E5A206 /* RouteTests.xctest */,
				27C74AF81C04FE4A00E5A206 /* RouteUITests.xctest */,
			);
			name = Products;
			sourceTree = "<group>";
		};
		27C74AD81C04FE4A00E5A206 /* Route */ = {
			isa = PBXGroup;
			children = (
				27A3FE571C274B8E0006E939 /* Main */,
				271388661C1E055B003BE336 /* Launch */,
				271388631C1DFEF3003BE336 /* Signup */,
				27C74AD91C04FE4A00E5A206 /* AppDelegate.swift */,
				27C74AE31C04FE4A00E5A206 /* Assets.xcassets */,
				27C74AE81C04FE4A00E5A206 /* Info.plist */,
				27C74AE01C04FE4A00E5A206 /* Route.xcdatamodeld */,
				27B21C771C1DF7120091505B /* signUp.swift */,
			);
			path = Route;
			sourceTree = "<group>";
		};
		27C74AF01C04FE4A00E5A206 /* RouteTests */ = {
			isa = PBXGroup;
			children = (
				27C74AF11C04FE4A00E5A206 /* RouteTests.swift */,
				27C74AF31C04FE4A00E5A206 /* Info.plist */,
			);
			path = RouteTests;
			sourceTree = "<group>";
		};
		27C74AFB1C04FE4A00E5A206 /* RouteUITests */ = {
			isa = PBXGroup;
			children = (
				27C74AFC1C04FE4A00E5A206 /* RouteUITests.swift */,
				27C74AFE1C04FE4A00E5A206 /* Info.plist */,
			);
			path = RouteUITests;
			sourceTree = "<group>";
		};
		41B1E5953EEB86F2996614D7 /* Pods */ = {
			isa = PBXGroup;
			children = (
				C230823E65931EF5B2CCAEF2 /* Pods-Route.debug.xcconfig */,
				A28B9446C12A405EFCF8C94C /* Pods-Route.release.xcconfig */,
			);
			name = Pods;
			sourceTree = "<group>";
		};
		54ABC86762A9AC9995288B71 /* Frameworks */ = {
			isa = PBXGroup;
			children = (
				27C42B091C1F66E40088F9A0 /* libPhoneNumber_iOS.framework */,
				9833D9B6E532B34263B9872A /* Pods_Route.framework */,
			);
			name = Frameworks;
			sourceTree = "<group>";
		};
/* End PBXGroup section */

/* Begin PBXNativeTarget section */
		27C74AD51C04FE4A00E5A206 /* Route */ = {
			isa = PBXNativeTarget;
			buildConfigurationList = 27C74B011C04FE4A00E5A206 /* Build configuration list for PBXNativeTarget "Route" */;
			buildPhases = (
				D9C0C4421ED612F62CB7E0D9 /* Check Pods Manifest.lock */,
				27C74AD21C04FE4A00E5A206 /* Sources */,
				27C74AD31C04FE4A00E5A206 /* Frameworks */,
				27C74AD41C04FE4A00E5A206 /* Resources */,
				BF560CA6BAF10F9FBBFAF100 /* Embed Pods Frameworks */,
				481B0656C4BEC96517CF604F /* Copy Pods Resources */,
			);
			buildRules = (
			);
			dependencies = (
			);
			name = Route;
			productName = Route;
			productReference = 27C74AD61C04FE4A00E5A206 /* Route.app */;
			productType = "com.apple.product-type.application";
		};
		27C74AEC1C04FE4A00E5A206 /* RouteTests */ = {
			isa = PBXNativeTarget;
			buildConfigurationList = 27C74B041C04FE4A00E5A206 /* Build configuration list for PBXNativeTarget "RouteTests" */;
			buildPhases = (
				27C74AE91C04FE4A00E5A206 /* Sources */,
				27C74AEA1C04FE4A00E5A206 /* Frameworks */,
				27C74AEB1C04FE4A00E5A206 /* Resources */,
			);
			buildRules = (
			);
			dependencies = (
				27C74AEF1C04FE4A00E5A206 /* PBXTargetDependency */,
			);
			name = RouteTests;
			productName = RouteTests;
			productReference = 27C74AED1C04FE4A00E5A206 /* RouteTests.xctest */;
			productType = "com.apple.product-type.bundle.unit-test";
		};
		27C74AF71C04FE4A00E5A206 /* RouteUITests */ = {
			isa = PBXNativeTarget;
			buildConfigurationList = 27C74B071C04FE4A00E5A206 /* Build configuration list for PBXNativeTarget "RouteUITests" */;
			buildPhases = (
				27C74AF41C04FE4A00E5A206 /* Sources */,
				27C74AF51C04FE4A00E5A206 /* Frameworks */,
				27C74AF61C04FE4A00E5A206 /* Resources */,
			);
			buildRules = (
			);
			dependencies = (
				27C74AFA1C04FE4A00E5A206 /* PBXTargetDependency */,
			);
			name = RouteUITests;
			productName = RouteUITests;
			productReference = 27C74AF81C04FE4A00E5A206 /* RouteUITests.xctest */;
			productType = "com.apple.product-type.bundle.ui-testing";
		};
/* End PBXNativeTarget section */

/* Begin PBXProject section */
		27C74ACE1C04FE4A00E5A206 /* Project object */ = {
			isa = PBXProject;
			attributes = {
				LastSwiftUpdateCheck = 0710;
				LastUpgradeCheck = 0710;
				ORGANIZATIONNAME = "Michael Williams";
				TargetAttributes = {
					27C74AD51C04FE4A00E5A206 = {
						CreatedOnToolsVersion = 7.1.1;
						DevelopmentTeam = 878J2FB9S8;
					};
					27C74AEC1C04FE4A00E5A206 = {
						CreatedOnToolsVersion = 7.1.1;
						TestTargetID = 27C74AD51C04FE4A00E5A206;
					};
					27C74AF71C04FE4A00E5A206 = {
						CreatedOnToolsVersion = 7.1.1;
						TestTargetID = 27C74AD51C04FE4A00E5A206;
					};
				};
			};
			buildConfigurationList = 27C74AD11C04FE4A00E5A206 /* Build configuration list for PBXProject "Route" */;
			compatibilityVersion = "Xcode 3.2";
			developmentRegion = English;
			hasScannedForEncodings = 0;
			knownRegions = (
				en,
				Base,
			);
			mainGroup = 27C74ACD1C04FE4A00E5A206;
			productRefGroup = 27C74AD71C04FE4A00E5A206 /* Products */;
			projectDirPath = "";
			projectRoot = "";
			targets = (
				27C74AD51C04FE4A00E5A206 /* Route */,
				27C74AEC1C04FE4A00E5A206 /* RouteTests */,
				27C74AF71C04FE4A00E5A206 /* RouteUITests */,
			);
		};
/* End PBXProject section */

/* Begin PBXResourcesBuildPhase section */
		27C74AD41C04FE4A00E5A206 /* Resources */ = {
			isa = PBXResourcesBuildPhase;
			buildActionMask = 2147483647;
			files = (
				271388621C1DFEAB003BE336 /* SignUpStoryboard.storyboard in Resources */,
				27C74AE41C04FE4A00E5A206 /* Assets.xcassets in Resources */,
				27A69E0E1C1E217E0008B762 /* Launch-667h@2x.png in Resources */,
				27A69E0C1C1E16ED0008B762 /* LaunchScreen.storyboard in Resources */,
				27C74ADF1C04FE4A00E5A206 /* Main.storyboard in Resources */,
			);
			runOnlyForDeploymentPostprocessing = 0;
		};
		27C74AEB1C04FE4A00E5A206 /* Resources */ = {
			isa = PBXResourcesBuildPhase;
			buildActionMask = 2147483647;
			files = (
			);
			runOnlyForDeploymentPostprocessing = 0;
		};
		27C74AF61C04FE4A00E5A206 /* Resources */ = {
			isa = PBXResourcesBuildPhase;
			buildActionMask = 2147483647;
			files = (
			);
			runOnlyForDeploymentPostprocessing = 0;
		};
/* End PBXResourcesBuildPhase section */

/* Begin PBXShellScriptBuildPhase section */
		481B0656C4BEC96517CF604F /* Copy Pods Resources */ = {
			isa = PBXShellScriptBuildPhase;
			buildActionMask = 2147483647;
			files = (
			);
			inputPaths = (
			);
			name = "Copy Pods Resources";
			outputPaths = (
			);
			runOnlyForDeploymentPostprocessing = 0;
			shellPath = /bin/sh;
			shellScript = "\"${SRCROOT}/Pods/Target Support Files/Pods-Route/Pods-Route-resources.sh\"\n";
			showEnvVarsInLog = 0;
		};
		BF560CA6BAF10F9FBBFAF100 /* Embed Pods Frameworks */ = {
			isa = PBXShellScriptBuildPhase;
			buildActionMask = 2147483647;
			files = (
			);
			inputPaths = (
			);
			name = "Embed Pods Frameworks";
			outputPaths = (
			);
			runOnlyForDeploymentPostprocessing = 0;
			shellPath = /bin/sh;
			shellScript = "\"${SRCROOT}/Pods/Target Support Files/Pods-Route/Pods-Route-frameworks.sh\"\n";
			showEnvVarsInLog = 0;
		};
		D9C0C4421ED612F62CB7E0D9 /* Check Pods Manifest.lock */ = {
			isa = PBXShellScriptBuildPhase;
			buildActionMask = 2147483647;
			files = (
			);
			inputPaths = (
			);
			name = "Check Pods Manifest.lock";
			outputPaths = (
			);
			runOnlyForDeploymentPostprocessing = 0;
			shellPath = /bin/sh;
			shellScript = "diff \"${PODS_ROOT}/../Podfile.lock\" \"${PODS_ROOT}/Manifest.lock\" > /dev/null\nif [[ $? != 0 ]] ; then\n    cat << EOM\nerror: The sandbox is not in sync with the Podfile.lock. Run 'pod install' or update your CocoaPods installation.\nEOM\n    exit 1\nfi\n";
			showEnvVarsInLog = 0;
		};
/* End PBXShellScriptBuildPhase section */

/* Begin PBXSourcesBuildPhase section */
		27C74AD21C04FE4A00E5A206 /* Sources */ = {
			isa = PBXSourcesBuildPhase;
			buildActionMask = 2147483647;
			files = (
				27CD0B271C28697D00E614DA /* MainViewController.swift in Sources */,
				27B21C781C1DF7120091505B /* signUp.swift in Sources */,
				27C74AE21C04FE4A00E5A206 /* Route.xcdatamodeld in Sources */,
				27C74ADC1C04FE4A00E5A206 /* SignupPhoneNumberViewController.swift in Sources */,
				2740B1AF1C211124002026D0 /* SignUpCompleteViewController.swift in Sources */,
				27C74ADA1C04FE4A00E5A206 /* AppDelegate.swift in Sources */,
				27187C021C1DDE8400C1D828 /* VerifyPhoneNumberViewController.swift in Sources */,
			);
			runOnlyForDeploymentPostprocessing = 0;
		};
		27C74AE91C04FE4A00E5A206 /* Sources */ = {
			isa = PBXSourcesBuildPhase;
			buildActionMask = 2147483647;
			files = (
				27C74AF21C04FE4A00E5A206 /* RouteTests.swift in Sources */,
			);
			runOnlyForDeploymentPostprocessing = 0;
		};
		27C74AF41C04FE4A00E5A206 /* Sources */ = {
			isa = PBXSourcesBuildPhase;
			buildActionMask = 2147483647;
			files = (
				27C74AFD1C04FE4A00E5A206 /* RouteUITests.swift in Sources */,
			);
			runOnlyForDeploymentPostprocessing = 0;
		};
/* End PBXSourcesBuildPhase section */

/* Begin PBXTargetDependency section */
		27C74AEF1C04FE4A00E5A206 /* PBXTargetDependency */ = {
			isa = PBXTargetDependency;
			target = 27C74AD51C04FE4A00E5A206 /* Route */;
			targetProxy = 27C74AEE1C04FE4A00E5A206 /* PBXContainerItemProxy */;
		};
		27C74AFA1C04FE4A00E5A206 /* PBXTargetDependency */ = {
			isa = PBXTargetDependency;
			target = 27C74AD51C04FE4A00E5A206 /* Route */;
			targetProxy = 27C74AF91C04FE4A00E5A206 /* PBXContainerItemProxy */;
		};
/* End PBXTargetDependency section */

/* Begin PBXVariantGroup section */
		27C74ADD1C04FE4A00E5A206 /* Main.storyboard */ = {
			isa = PBXVariantGroup;
			children = (
				27C74ADE1C04FE4A00E5A206 /* Base */,
			);
			name = Main.storyboard;
			sourceTree = "<group>";
		};
/* End PBXVariantGroup section */

/* Begin XCBuildConfiguration section */
		27C74AFF1C04FE4A00E5A206 /* Debug */ = {
			isa = XCBuildConfiguration;
			buildSettings = {
				ALWAYS_SEARCH_USER_PATHS = NO;
				CLANG_CXX_LANGUAGE_STANDARD = "gnu++0x";
				CLANG_CXX_LIBRARY = "libc++";
				CLANG_ENABLE_MODULES = YES;
				CLANG_ENABLE_OBJC_ARC = YES;
				CLANG_WARN_BOOL_CONVERSION = YES;
				CLANG_WARN_CONSTANT_CONVERSION = YES;
				CLANG_WARN_DIRECT_OBJC_ISA_USAGE = YES_ERROR;
				CLANG_WARN_EMPTY_BODY = YES;
				CLANG_WARN_ENUM_CONVERSION = YES;
				CLANG_WARN_INT_CONVERSION = YES;
				CLANG_WARN_OBJC_ROOT_CLASS = YES_ERROR;
				CLANG_WARN_UNREACHABLE_CODE = YES;
				CLANG_WARN__DUPLICATE_METHOD_MATCH = YES;
				"CODE_SIGN_IDENTITY[sdk=iphoneos*]" = "iPhone Developer";
				COPY_PHASE_STRIP = NO;
				DEBUG_INFORMATION_FORMAT = dwarf;
				ENABLE_STRICT_OBJC_MSGSEND = YES;
				ENABLE_TESTABILITY = YES;
				GCC_C_LANGUAGE_STANDARD = gnu99;
				GCC_DYNAMIC_NO_PIC = NO;
				GCC_NO_COMMON_BLOCKS = YES;
				GCC_OPTIMIZATION_LEVEL = 0;
				GCC_PREPROCESSOR_DEFINITIONS = (
					"DEBUG=1",
					"$(inherited)",
				);
				GCC_WARN_64_TO_32_BIT_CONVERSION = YES;
				GCC_WARN_ABOUT_RETURN_TYPE = YES_ERROR;
				GCC_WARN_UNDECLARED_SELECTOR = YES;
				GCC_WARN_UNINITIALIZED_AUTOS = YES_AGGRESSIVE;
				GCC_WARN_UNUSED_FUNCTION = YES;
				GCC_WARN_UNUSED_VARIABLE = YES;
				IPHONEOS_DEPLOYMENT_TARGET = 9.1;
				MTL_ENABLE_DEBUG_INFO = YES;
				ONLY_ACTIVE_ARCH = YES;
				SDKROOT = iphoneos;
				SWIFT_OPTIMIZATION_LEVEL = "-Onone";
				TARGETED_DEVICE_FAMILY = "1,2";
			};
			name = Debug;
		};
		27C74B001C04FE4A00E5A206 /* Release */ = {
			isa = XCBuildConfiguration;
			buildSettings = {
				ALWAYS_SEARCH_USER_PATHS = NO;
				CLANG_CXX_LANGUAGE_STANDARD = "gnu++0x";
				CLANG_CXX_LIBRARY = "libc++";
				CLANG_ENABLE_MODULES = YES;
				CLANG_ENABLE_OBJC_ARC = YES;
				CLANG_WARN_BOOL_CONVERSION = YES;
				CLANG_WARN_CONSTANT_CONVERSION = YES;
				CLANG_WARN_DIRECT_OBJC_ISA_USAGE = YES_ERROR;
				CLANG_WARN_EMPTY_BODY = YES;
				CLANG_WARN_ENUM_CONVERSION = YES;
				CLANG_WARN_INT_CONVERSION = YES;
				CLANG_WARN_OBJC_ROOT_CLASS = YES_ERROR;
				CLANG_WARN_UNREACHABLE_CODE = YES;
				CLANG_WARN__DUPLICATE_METHOD_MATCH = YES;
				"CODE_SIGN_IDENTITY[sdk=iphoneos*]" = "iPhone Developer";
				COPY_PHASE_STRIP = NO;
				DEBUG_INFORMATION_FORMAT = "dwarf-with-dsym";
				ENABLE_NS_ASSERTIONS = NO;
				ENABLE_STRICT_OBJC_MSGSEND = YES;
				GCC_C_LANGUAGE_STANDARD = gnu99;
				GCC_NO_COMMON_BLOCKS = YES;
				GCC_WARN_64_TO_32_BIT_CONVERSION = YES;
				GCC_WARN_ABOUT_RETURN_TYPE = YES_ERROR;
				GCC_WARN_UNDECLARED_SELECTOR = YES;
				GCC_WARN_UNINITIALIZED_AUTOS = YES_AGGRESSIVE;
				GCC_WARN_UNUSED_FUNCTION = YES;
				GCC_WARN_UNUSED_VARIABLE = YES;
				IPHONEOS_DEPLOYMENT_TARGET = 9.1;
				MTL_ENABLE_DEBUG_INFO = NO;
				SDKROOT = iphoneos;
				TARGETED_DEVICE_FAMILY = "1,2";
				VALIDATE_PRODUCT = YES;
			};
			name = Release;
		};
		27C74B021C04FE4A00E5A206 /* Debug */ = {
			isa = XCBuildConfiguration;
			baseConfigurationReference = C230823E65931EF5B2CCAEF2 /* Pods-Route.debug.xcconfig */;
			buildSettings = {
				ASSETCATALOG_COMPILER_APPICON_NAME = AppIcon;
				CODE_SIGN_IDENTITY = "iPhone Developer";
				"CODE_SIGN_IDENTITY[sdk=iphoneos*]" = "iPhone Developer";
				FRAMEWORK_SEARCH_PATHS = (
					"$(inherited)",
					"$(PROJECT_DIR)/build/Debug-iphoneos",
				);
				INFOPLIST_FILE = Route/Info.plist;
				IPHONEOS_DEPLOYMENT_TARGET = 9.1;
				LD_RUNPATH_SEARCH_PATHS = "$(inherited) @executable_path/Frameworks";
				PRODUCT_BUNDLE_IDENTIFIER = mike.Route;
				PRODUCT_NAME = "$(TARGET_NAME)";
				PROVISIONING_PROFILE = "";
				TARGETED_DEVICE_FAMILY = 1;
			};
			name = Debug;
		};
		27C74B031C04FE4A00E5A206 /* Release */ = {
			isa = XCBuildConfiguration;
			baseConfigurationReference = A28B9446C12A405EFCF8C94C /* Pods-Route.release.xcconfig */;
			buildSettings = {
				ASSETCATALOG_COMPILER_APPICON_NAME = AppIcon;
				CODE_SIGN_IDENTITY = "iPhone Developer";
				"CODE_SIGN_IDENTITY[sdk=iphoneos*]" = "iPhone Developer";
				FRAMEWORK_SEARCH_PATHS = (
					"$(inherited)",
					"$(PROJECT_DIR)/build/Debug-iphoneos",
				);
				INFOPLIST_FILE = Route/Info.plist;
				IPHONEOS_DEPLOYMENT_TARGET = 9.1;
				LD_RUNPATH_SEARCH_PATHS = "$(inherited) @executable_path/Frameworks";
				PRODUCT_BUNDLE_IDENTIFIER = mike.Route;
				PRODUCT_NAME = "$(TARGET_NAME)";
				PROVISIONING_PROFILE = "";
				TARGETED_DEVICE_FAMILY = 1;
			};
			name = Release;
		};
		27C74B051C04FE4A00E5A206 /* Debug */ = {
			isa = XCBuildConfiguration;
			buildSettings = {
				BUNDLE_LOADER = "$(TEST_HOST)";
				INFOPLIST_FILE = RouteTests/Info.plist;
				LD_RUNPATH_SEARCH_PATHS = "$(inherited) @executable_path/Frameworks @loader_path/Frameworks";
				PRODUCT_BUNDLE_IDENTIFIER = mike.RouteTests;
				PRODUCT_NAME = "$(TARGET_NAME)";
				TEST_HOST = "$(BUILT_PRODUCTS_DIR)/Route.app/Route";
			};
			name = Debug;
		};
		27C74B061C04FE4A00E5A206 /* Release */ = {
			isa = XCBuildConfiguration;
			buildSettings = {
				BUNDLE_LOADER = "$(TEST_HOST)";
				INFOPLIST_FILE = RouteTests/Info.plist;
				LD_RUNPATH_SEARCH_PATHS = "$(inherited) @executable_path/Frameworks @loader_path/Frameworks";
				PRODUCT_BUNDLE_IDENTIFIER = mike.RouteTests;
				PRODUCT_NAME = "$(TARGET_NAME)";
				TEST_HOST = "$(BUILT_PRODUCTS_DIR)/Route.app/Route";
			};
			name = Release;
		};
		27C74B081C04FE4A00E5A206 /* Debug */ = {
			isa = XCBuildConfiguration;
			buildSettings = {
				INFOPLIST_FILE = RouteUITests/Info.plist;
				LD_RUNPATH_SEARCH_PATHS = "$(inherited) @executable_path/Frameworks @loader_path/Frameworks";
				PRODUCT_BUNDLE_IDENTIFIER = mike.RouteUITests;
				PRODUCT_NAME = "$(TARGET_NAME)";
				TEST_TARGET_NAME = Route;
				USES_XCTRUNNER = YES;
			};
			name = Debug;
		};
		27C74B091C04FE4A00E5A206 /* Release */ = {
			isa = XCBuildConfiguration;
			buildSettings = {
				INFOPLIST_FILE = RouteUITests/Info.plist;
				LD_RUNPATH_SEARCH_PATHS = "$(inherited) @executable_path/Frameworks @loader_path/Frameworks";
				PRODUCT_BUNDLE_IDENTIFIER = mike.RouteUITests;
				PRODUCT_NAME = "$(TARGET_NAME)";
				TEST_TARGET_NAME = Route;
				USES_XCTRUNNER = YES;
			};
			name = Release;
		};
/* End XCBuildConfiguration section */

/* Begin XCConfigurationList section */
		27C74AD11C04FE4A00E5A206 /* Build configuration list for PBXProject "Route" */ = {
			isa = XCConfigurationList;
			buildConfigurations = (
				27C74AFF1C04FE4A00E5A206 /* Debug */,
				27C74B001C04FE4A00E5A206 /* Release */,
			);
			defaultConfigurationIsVisible = 0;
			defaultConfigurationName = Release;
		};
		27C74B011C04FE4A00E5A206 /* Build configuration list for PBXNativeTarget "Route" */ = {
			isa = XCConfigurationList;
			buildConfigurations = (
				27C74B021C04FE4A00E5A206 /* Debug */,
				27C74B031C04FE4A00E5A206 /* Release */,
			);
			defaultConfigurationIsVisible = 0;
			defaultConfigurationName = Release;
		};
		27C74B041C04FE4A00E5A206 /* Build configuration list for PBXNativeTarget "RouteTests" */ = {
			isa = XCConfigurationList;
			buildConfigurations = (
				27C74B051C04FE4A00E5A206 /* Debug */,
				27C74B061C04FE4A00E5A206 /* Release */,
			);
			defaultConfigurationIsVisible = 0;
			defaultConfigurationName = Release;
		};
		27C74B071C04FE4A00E5A206 /* Build configuration list for PBXNativeTarget "RouteUITests" */ = {
			isa = XCConfigurationList;
			buildConfigurations = (
				27C74B081C04FE4A00E5A206 /* Debug */,
				27C74B091C04FE4A00E5A206 /* Release */,
			);
			defaultConfigurationIsVisible = 0;
			defaultConfigurationName = Release;
		};
/* End XCConfigurationList section */

/* Begin XCVersionGroup section */
		27C74AE01C04FE4A00E5A206 /* Route.xcdatamodeld */ = {
			isa = XCVersionGroup;
			children = (
				27C74AE11C04FE4A00E5A206 /* Route.xcdatamodel */,
			);
			currentVersion = 27C74AE11C04FE4A00E5A206 /* Route.xcdatamodel */;
			path = Route.xcdatamodeld;
			sourceTree = "<group>";
			versionGroupType = wrapper.xcdatamodel;
		};
/* End XCVersionGroup section */
	};
	rootObject = 27C74ACE1C04FE4A00E5A206 /* Project object */;
}
